{
  "name": "techlines_ecommerce",
  "lockfileVersion": 3,
  "requires": true,
  "packages": {
    "": {
      "devDependencies": {
        "web-vitals": "^3.1.1"
      }
    },
    "node_modules/web-vitals": {
      "version": "3.1.1",
      "resolved": "https://registry.npmjs.org/web-vitals/-/web-vitals-3.1.1.tgz",
      "integrity": "sha512-qvllU+ZeQChqzBhZ1oyXmWsjJ8a2jHYpH8AMaVuf29yscOPZfTQTjQFRX6+eADTdsDE8IanOZ0cetweHMs8/2A==",
      "dev": true
    }
  }
}
